
Microsoft Visual Studio Solution File, Format Version 12.00
# Visual Studio Version 17
VisualStudioVersion = 17.0.32014.148
MinimumVisualStudioVersion = 10.0.40219.1
Project("{F184B08F-C81C-45F6-A57F-5ABD9991F28F}") = "SMK-Laundry", "SMK-Laundry\SMK-Laundry.vbproj", "{AB344D10-2152-46A0-8CFB-45EF561E5EB7}"
EndProject
Global
	GlobalSection(SolutionConfigurationPlatforms) = preSolution
		Debug|Any CPU = Debug|Any CPU
		Release|Any CPU = Release|Any CPU
	EndGlobalSection
	GlobalSection(ProjectConfigurationPlatforms) = postSolution
		{AB344D10-2152-46A0-8CFB-45EF561E5EB7}.Debug|Any CPU.ActiveCfg = Debug|Any CPU
		{AB344D10-2152-46A0-8CFB-45EF561E5EB7}.Debug|Any CPU.Build.0 = Debug|Any CPU
		{AB344D10-2152-46A0-8CFB-45EF561E5EB7}.Release|Any CPU.ActiveCfg = Release|Any CPU
		{AB344D10-2152-46A0-8CFB-45EF561E5EB7}.Release|Any CPU.Build.0 = Release|Any CPU
	EndGlobalSection
	GlobalSection(SolutionProperties) = preSolution
		HideSolutionNode = FALSE
	EndGlobalSection
	GlobalSection(ExtensibilityGlobals) = postSolution
		SolutionGuid = {853FBF92-0166-4725-91C5-7F99D918BFF7}
	EndGlobalSection
EndGlobal
